
Microsoft Visual Studio Solution File, Format Version 12.00
# Visual Studio Version 16
VisualStudioVersion = 16.0.29509.3
MinimumVisualStudioVersion = 10.0.40219.1
Project("{8BC9CEB8-8B4A-11D0-8D11-00A0C91BC942}") = "128BitsNumber", "128BitsNumber\128BitsNumber.vcxproj", "{FCA0FAB5-0B7E-4650-A99A-D02F0B75BF9C}"
EndProject
Global
	GlobalSection(SolutionConfigurationPlatforms) = preSolution
		Debug|x64 = Debug|x64
		Debug|x86 = Debug|x86
		Release|x64 = Release|x64
		Release|x86 = Release|x86
	EndGlobalSection
	GlobalSection(ProjectConfigurationPlatforms) = postSolution
		{FCA0FAB5-0B7E-4650-A99A-D02F0B75BF9C}.Debug|x64.ActiveCfg = Debug|x64
		{FCA0FAB5-0B7E-4650-A99A-D02F0B75BF9C}.Debug|x64.Build.0 = Debug|x64
		{FCA0FAB5-0B7E-4650-A99A-D02F0B75BF9C}.Debug|x86.ActiveCfg = Debug|Win32
		{FCA0FAB5-0B7E-4650-A99A-D02F0B75BF9C}.Debug|x86.Build.0 = Debug|Win32
		{FCA0FAB5-0B7E-4650-A99A-D02F0B75BF9C}.Release|x64.ActiveCfg = Release|x64
		{FCA0FAB5-0B7E-4650-A99A-D02F0B75BF9C}.Release|x64.Build.0 = Release|x64
		{FCA0FAB5-0B7E-4650-A99A-D02F0B75BF9C}.Release|x86.ActiveCfg = Release|Win32
		{FCA0FAB5-0B7E-4650-A99A-D02F0B75BF9C}.Release|x86.Build.0 = Release|Win32
	EndGlobalSection
	GlobalSection(SolutionProperties) = preSolution
		HideSolutionNode = FALSE
	EndGlobalSection
	GlobalSection(ExtensibilityGlobals) = postSolution
		SolutionGuid = {CDD01EE2-634C-4C96-AF96-4A41E32E35D5}
	EndGlobalSection
EndGlobal
